// !$*UTF8*$!
{
	archiveVersion = 1;
	classes = {
	};
	objectVersion = 56;
	objects = {

/* Begin PBXBuildFile section */
		E366B5192E19F758004911BB /* AppDelegate.swift in Sources */ = {isa = PBXBuildFile; fileRef = E366B5182E19F758004911BB /* AppDelegate.swift */; };
		E366B51B2E19F758004911BB /* SceneDelegate.swift in Sources */ = {isa = PBXBuildFile; fileRef = E366B51A2E19F758004911BB /* SceneDelegate.swift */; };
		E366B51D2E19F758004911BB /* FetchViewController.swift in Sources */ = {isa = PBXBuildFile; fileRef = E366B51C2E19F758004911BB /* FetchViewController.swift */; };
		E366B5202E19F758004911BB /* Main.storyboard in Resources */ = {isa = PBXBuildFile; fileRef = E366B51E2E19F758004911BB /* Main.storyboard */; };
		E366B5222E19F75A004911BB /* Assets.xcassets in Resources */ = {isa = PBXBuildFile; fileRef = E366B5212E19F75A004911BB /* Assets.xcassets */; };
		E366B5252E19F75A004911BB /* LaunchScreen.storyboard in Resources */ = {isa = PBXBuildFile; fileRef = E366B5232E19F75A004911BB /* LaunchScreen.storyboard */; };
		E366B52F2E1A04DF004911BB /* UploadViewController.swift in Sources */ = {isa = PBXBuildFile; fileRef = E366B52E2E1A04DF004911BB /* UploadViewController.swift */; };
		E366B53C2E1A0891004911BB /* WalrusSDK.framework in Frameworks */ = {isa = PBXBuildFile; fileRef = E366B53B2E1A0891004911BB /* WalrusSDK.framework */; };
		E366B53D2E1A0891004911BB /* WalrusSDK.framework in Embed Frameworks */ = {isa = PBXBuildFile; fileRef = E366B53B2E1A0891004911BB /* WalrusSDK.framework */; settings = {ATTRIBUTES = (CodeSignOnCopy, RemoveHeadersOnCopy, ); }; };
		E366B5402E1A093B004911BB /* WalrusManager.swift in Sources */ = {isa = PBXBuildFile; fileRef = E366B53F2E1A093B004911BB /* WalrusManager.swift */; };
/* End PBXBuildFile section */

/* Begin PBXContainerItemProxy section */
		E3E8E4D12E1A55050070D0AF /* PBXContainerItemProxy */ = {
			isa = PBXContainerItemProxy;
			containerPortal = E366B5312E1A0800004911BB /* WalrusSDK.xcodeproj */;
			proxyType = 2;
			remoteGlobalIDString = E3D19DFC2E197880003D99FC;
			remoteInfo = WalrusSDK;
		};
		E3E8E4D32E1A55050070D0AF /* PBXContainerItemProxy */ = {
			isa = PBXContainerItemProxy;
			containerPortal = E366B5312E1A0800004911BB /* WalrusSDK.xcodeproj */;
			proxyType = 2;
			remoteGlobalIDString = E3D19E042E197880003D99FC;
			remoteInfo = WalrusSDKTests;
		};
/* End PBXContainerItemProxy section */

/* Begin PBXCopyFilesBuildPhase section */
		E366B53E2E1A0891004911BB /* Embed Frameworks */ = {
			isa = PBXCopyFilesBuildPhase;
			buildActionMask = 2147483647;
			dstPath = "";
			dstSubfolderSpec = 10;
			files = (
				E366B53D2E1A0891004911BB /* WalrusSDK.framework in Embed Frameworks */,
			);
			name = "Embed Frameworks";
			runOnlyForDeploymentPostprocessing = 0;
		};
/* End PBXCopyFilesBuildPhase section */

/* Begin PBXFileReference section */
		E366B5152E19F758004911BB /* iWalrusDemo.app */ = {isa = PBXFileReference; explicitFileType = wrapper.application; includeInIndex = 0; path = iWalrusDemo.app; sourceTree = BUILT_PRODUCTS_DIR; };
		E366B5182E19F758004911BB /* AppDelegate.swift */ = {isa = PBXFileReference; lastKnownFileType = sourcecode.swift; path = AppDelegate.swift; sourceTree = "<group>"; };
		E366B51A2E19F758004911BB /* SceneDelegate.swift */ = {isa = PBXFileReference; lastKnownFileType = sourcecode.swift; path = SceneDelegate.swift; sourceTree = "<group>"; };
		E366B51C2E19F758004911BB /* FetchViewController.swift */ = {isa = PBXFileReference; lastKnownFileType = sourcecode.swift; path = FetchViewController.swift; sourceTree = "<group>"; };
		E366B51F2E19F758004911BB /* Base */ = {isa = PBXFileReference; lastKnownFileType = file.storyboard; name = Base; path = Base.lproj/Main.storyboard; sourceTree = "<group>"; };
		E366B5212E19F75A004911BB /* Assets.xcassets */ = {isa = PBXFileReference; lastKnownFileType = folder.assetcatalog; path = Assets.xcassets; sourceTree = "<group>"; };
		E366B5242E19F75A004911BB /* Base */ = {isa = PBXFileReference; lastKnownFileType = file.storyboard; name = Base; path = Base.lproj/LaunchScreen.storyboard; sourceTree = "<group>"; };
		E366B5262E19F75A004911BB /* Info.plist */ = {isa = PBXFileReference; lastKnownFileType = text.plist.xml; path = Info.plist; sourceTree = "<group>"; };
		E366B52E2E1A04DF004911BB /* UploadViewController.swift */ = {isa = PBXFileReference; lastKnownFileType = sourcecode.swift; path = UploadViewController.swift; sourceTree = "<group>"; };
		E366B5312E1A0800004911BB /* WalrusSDK.xcodeproj */ = {isa = PBXFileReference; lastKnownFileType = "wrapper.pb-project"; name = WalrusSDK.xcodeproj; path = ../WalrusSDK/WalrusSDK.xcodeproj; sourceTree = "<group>"; };
		E366B53B2E1A0891004911BB /* WalrusSDK.framework */ = {isa = PBXFileReference; explicitFileType = wrapper.framework; path = WalrusSDK.framework; sourceTree = BUILT_PRODUCTS_DIR; };
		E366B53F2E1A093B004911BB /* WalrusManager.swift */ = {isa = PBXFileReference; lastKnownFileType = sourcecode.swift; path = WalrusManager.swift; sourceTree = "<group>"; };
/* End PBXFileReference section */

/* Begin PBXFrameworksBuildPhase section */
		E366B5122E19F758004911BB /* Frameworks */ = {
			isa = PBXFrameworksBuildPhase;
			buildActionMask = 2147483647;
			files = (
				E366B53C2E1A0891004911BB /* WalrusSDK.framework in Frameworks */,
			);
			runOnlyForDeploymentPostprocessing = 0;
		};
/* End PBXFrameworksBuildPhase section */

/* Begin PBXGroup section */
		E366B50C2E19F757004911BB = {
			isa = PBXGroup;
			children = (
				E366B5312E1A0800004911BB /* WalrusSDK.xcodeproj */,
				E366B5172E19F758004911BB /* iWalrusDemo */,
				E366B5162E19F758004911BB /* Products */,
				E366B53A2E1A0891004911BB /* Frameworks */,
			);
			sourceTree = "<group>";
		};
		E366B5162E19F758004911BB /* Products */ = {
			isa = PBXGroup;
			children = (
				E366B5152E19F758004911BB /* iWalrusDemo.app */,
			);
			name = Products;
			sourceTree = "<group>";
		};
		E366B5172E19F758004911BB /* iWalrusDemo */ = {
			isa = PBXGroup;
			children = (
				E366B5182E19F758004911BB /* AppDelegate.swift */,
				E366B51A2E19F758004911BB /* SceneDelegate.swift */,
				E366B53F2E1A093B004911BB /* WalrusManager.swift */,
				E366B51C2E19F758004911BB /* FetchViewController.swift */,
				E366B52E2E1A04DF004911BB /* UploadViewController.swift */,
				E366B51E2E19F758004911BB /* Main.storyboard */,
				E366B5212E19F75A004911BB /* Assets.xcassets */,
				E366B5232E19F75A004911BB /* LaunchScreen.storyboard */,
				E366B5262E19F75A004911BB /* Info.plist */,
			);
			path = iWalrusDemo;
			sourceTree = "<group>";
		};
		E366B53A2E1A0891004911BB /* Frameworks */ = {
			isa = PBXGroup;
			children = (
				E366B53B2E1A0891004911BB /* WalrusSDK.framework */,
			);
			name = Frameworks;
			sourceTree = "<group>";
		};
		E3E8E4CD2E1A55030070D0AF /* Products */ = {
			isa = PBXGroup;
			children = (
				E3E8E4D22E1A55050070D0AF /* WalrusSDK.framework */,
				E3E8E4D42E1A55050070D0AF /* WalrusSDKTests.xctest */,
			);
			name = Products;
			sourceTree = "<group>";
		};
/* End PBXGroup section */

/* Begin PBXNativeTarget section */
		E366B5142E19F758004911BB /* iWalrusDemo */ = {
			isa = PBXNativeTarget;
			buildConfigurationList = E366B5292E19F75A004911BB /* Build configuration list for PBXNativeTarget "iWalrusDemo" */;
			buildPhases = (
				E366B5112E19F758004911BB /* Sources */,
				E366B5122E19F758004911BB /* Frameworks */,
				E366B5132E19F758004911BB /* Resources */,
				E366B53E2E1A0891004911BB /* Embed Frameworks */,
			);
			buildRules = (
			);
			dependencies = (
			);
			name = iWalrusDemo;
			productName = iWalrusDemo;
			productReference = E366B5152E19F758004911BB /* iWalrusDemo.app */;
			productType = "com.apple.product-type.application";
		};
/* End PBXNativeTarget section */

/* Begin PBXProject section */
		E366B50D2E19F757004911BB /* Project object */ = {
			isa = PBXProject;
			attributes = {
				BuildIndependentTargetsInParallel = 1;
				LastSwiftUpdateCheck = 1520;
				LastUpgradeCheck = 1520;
				TargetAttributes = {
					E366B5142E19F758004911BB = {
						CreatedOnToolsVersion = 15.2;
					};
				};
			};
			buildConfigurationList = E366B5102E19F757004911BB /* Build configuration list for PBXProject "iWalrusDemo" */;
			compatibilityVersion = "Xcode 14.0";
			developmentRegion = en;
			hasScannedForEncodings = 0;
			knownRegions = (
				en,
				Base,
			);
			mainGroup = E366B50C2E19F757004911BB;
			productRefGroup = E366B5162E19F758004911BB /* Products */;
			projectDirPath = "";
			projectReferences = (
				{
					ProductGroup = E3E8E4CD2E1A55030070D0AF /* Products */;
					ProjectRef = E366B5312E1A0800004911BB /* WalrusSDK.xcodeproj */;
				},
			);
			projectRoot = "";
			targets = (
				E366B5142E19F758004911BB /* iWalrusDemo */,
			);
		};
/* End PBXProject section */

/* Begin PBXReferenceProxy section */
		E3E8E4D22E1A55050070D0AF /* WalrusSDK.framework */ = {
			isa = PBXReferenceProxy;
			fileType = wrapper.framework;
			path = WalrusSDK.framework;
			remoteRef = E3E8E4D12E1A55050070D0AF /* PBXContainerItemProxy */;
			sourceTree = BUILT_PRODUCTS_DIR;
		};
		E3E8E4D42E1A55050070D0AF /* WalrusSDKTests.xctest */ = {
			isa = PBXReferenceProxy;
			fileType = wrapper.cfbundle;
			path = WalrusSDKTests.xctest;
			remoteRef = E3E8E4D32E1A55050070D0AF /* PBXContainerItemProxy */;
			sourceTree = BUILT_PRODUCTS_DIR;
		};
/* End PBXReferenceProxy section */

/* Begin PBXResourcesBuildPhase section */
		E366B5132E19F758004911BB /* Resources */ = {
			isa = PBXResourcesBuildPhase;
			buildActionMask = 2147483647;
			files = (
				E366B5252E19F75A004911BB /* LaunchScreen.storyboard in Resources */,
				E366B5222E19F75A004911BB /* Assets.xcassets in Resources */,
				E366B5202E19F758004911BB /* Main.storyboard in Resources */,
			);
			runOnlyForDeploymentPostprocessing = 0;
		};
/* End PBXResourcesBuildPhase section */

/* Begin PBXSourcesBuildPhase section */
		E366B5112E19F758004911BB /* Sources */ = {
			isa = PBXSourcesBuildPhase;
			buildActionMask = 2147483647;
			files = (
				E366B5402E1A093B004911BB /* WalrusManager.swift in Sources */,
				E366B51D2E19F758004911BB /* FetchViewController.swift in Sources */,
				E366B52F2E1A04DF004911BB /* UploadViewController.swift in Sources */,
				E366B5192E19F758004911BB /* AppDelegate.swift in Sources */,
				E366B51B2E19F758004911BB /* SceneDelegate.swift in Sources */,
			);
			runOnlyForDeploymentPostprocessing = 0;
		};
/* End PBXSourcesBuildPhase section */

/* Begin PBXVariantGroup section */
		E366B51E2E19F758004911BB /* Main.storyboard */ = {
			isa = PBXVariantGroup;
			children = (
				E366B51F2E19F758004911BB /* Base */,
			);
			name = Main.storyboard;
			sourceTree = "<group>";
		};
		E366B5232E19F75A004911BB /* LaunchScreen.storyboard */ = {
			isa = PBXVariantGroup;
			children = (
				E366B5242E19F75A004911BB /* Base */,
			);
			name = LaunchScreen.storyboard;
			sourceTree = "<group>";
		};
/* End PBXVariantGroup section */

/* Begin XCBuildConfiguration section */
		E366B5272E19F75A004911BB /* Debug */ = {
			isa = XCBuildConfiguration;
			buildSettings = {
				ALWAYS_SEARCH_USER_PATHS = NO;
				ASSETCATALOG_COMPILER_GENERATE_SWIFT_ASSET_SYMBOL_EXTENSIONS = YES;
				CLANG_ANALYZER_NONNULL = YES;
				CLANG_ANALYZER_NUMBER_OBJECT_CONVERSION = YES_AGGRESSIVE;
				CLANG_CXX_LANGUAGE_STANDARD = "gnu++20";
				CLANG_ENABLE_MODULES = YES;
				CLANG_ENABLE_OBJC_ARC = YES;
				CLANG_ENABLE_OBJC_WEAK = YES;
				CLANG_WARN_BLOCK_CAPTURE_AUTORELEASING = YES;
				CLANG_WARN_BOOL_CONVERSION = YES;
				CLANG_WARN_COMMA = YES;
				CLANG_WARN_CONSTANT_CONVERSION = YES;
				CLANG_WARN_DEPRECATED_OBJC_IMPLEMENTATIONS = YES;
				CLANG_WARN_DIRECT_OBJC_ISA_USAGE = YES_ERROR;
				CLANG_WARN_DOCUMENTATION_COMMENTS = YES;
				CLANG_WARN_EMPTY_BODY = YES;
				CLANG_WARN_ENUM_CONVERSION = YES;
				CLANG_WARN_INFINITE_RECURSION = YES;
				CLANG_WARN_INT_CONVERSION = YES;
				CLANG_WARN_NON_LITERAL_NULL_CONVERSION = YES;
				CLANG_WARN_OBJC_IMPLICIT_RETAIN_SELF = YES;
				CLANG_WARN_OBJC_LITERAL_CONVERSION = YES;
				CLANG_WARN_OBJC_ROOT_CLASS = YES_ERROR;
				CLANG_WARN_QUOTED_INCLUDE_IN_FRAMEWORK_HEADER = YES;
				CLANG_WARN_RANGE_LOOP_ANALYSIS = YES;
				CLANG_WARN_STRICT_PROTOTYPES = YES;
				CLANG_WARN_SUSPICIOUS_MOVE = YES;
				CLANG_WARN_UNGUARDED_AVAILABILITY = YES_AGGRESSIVE;
				CLANG_WARN_UNREACHABLE_CODE = YES;
				CLANG_WARN__DUPLICATE_METHOD_MATCH = YES;
				COPY_PHASE_STRIP = NO;
				DEBUG_INFORMATION_FORMAT = dwarf;
				ENABLE_STRICT_OBJC_MSGSEND = YES;
				ENABLE_TESTABILITY = YES;
				ENABLE_USER_SCRIPT_SANDBOXING = YES;
				GCC_C_LANGUAGE_STANDARD = gnu17;
				GCC_DYNAMIC_NO_PIC = NO;
				GCC_NO_COMMON_BLOCKS = YES;
				GCC_OPTIMIZATION_LEVEL = 0;
				GCC_PREPROCESSOR_DEFINITIONS = (
					"DEBUG=1",
					"$(inherited)",
				);
				GCC_WARN_64_TO_32_BIT_CONVERSION = YES;
				GCC_WARN_ABOUT_RETURN_TYPE = YES_ERROR;
				GCC_WARN_UNDECLARED_SELECTOR = YES;
				GCC_WARN_UNINITIALIZED_AUTOS = YES_AGGRESSIVE;
				GCC_WARN_UNUSED_FUNCTION = YES;
				GCC_WARN_UNUSED_VARIABLE = YES;
				IPHONEOS_DEPLOYMENT_TARGET = 17.2;
				LOCALIZATION_PREFERS_STRING_CATALOGS = YES;
				MTL_ENABLE_DEBUG_INFO = INCLUDE_SOURCE;
				MTL_FAST_MATH = YES;
				ONLY_ACTIVE_ARCH = YES;
				SDKROOT = iphoneos;
				SWIFT_ACTIVE_COMPILATION_CONDITIONS = "DEBUG $(inherited)";
				SWIFT_OPTIMIZATION_LEVEL = "-Onone";
			};
			name = Debug;
		};
		E366B5282E19F75A004911BB /* Release */ = {
			isa = XCBuildConfiguration;
			buildSettings = {
				ALWAYS_SEARCH_USER_PATHS = NO;
				ASSETCATALOG_COMPILER_GENERATE_SWIFT_ASSET_SYMBOL_EXTENSIONS = YES;
				CLANG_ANALYZER_NONNULL = YES;
				CLANG_ANALYZER_NUMBER_OBJECT_CONVERSION = YES_AGGRESSIVE;
				CLANG_CXX_LANGUAGE_STANDARD = "gnu++20";
				CLANG_ENABLE_MODULES = YES;
				CLANG_ENABLE_OBJC_ARC = YES;
				CLANG_ENABLE_OBJC_WEAK = YES;
				CLANG_WARN_BLOCK_CAPTURE_AUTORELEASING = YES;
				CLANG_WARN_BOOL_CONVERSION = YES;
				CLANG_WARN_COMMA = YES;
				CLANG_WARN_CONSTANT_CONVERSION = YES;
				CLANG_WARN_DEPRECATED_OBJC_IMPLEMENTATIONS = YES;
				CLANG_WARN_DIRECT_OBJC_ISA_USAGE = YES_ERROR;
				CLANG_WARN_DOCUMENTATION_COMMENTS = YES;
				CLANG_WARN_EMPTY_BODY = YES;
				CLANG_WARN_ENUM_CONVERSION = YES;
				CLANG_WARN_INFINITE_RECURSION = YES;
				CLANG_WARN_INT_CONVERSION = YES;
				CLANG_WARN_NON_LITERAL_NULL_CONVERSION = YES;
				CLANG_WARN_OBJC_IMPLICIT_RETAIN_SELF = YES;
				CLANG_WARN_OBJC_LITERAL_CONVERSION = YES;
				CLANG_WARN_OBJC_ROOT_CLASS = YES_ERROR;
				CLANG_WARN_QUOTED_INCLUDE_IN_FRAMEWORK_HEADER = YES;
				CLANG_WARN_RANGE_LOOP_ANALYSIS = YES;
				CLANG_WARN_STRICT_PROTOTYPES = YES;
				CLANG_WARN_SUSPICIOUS_MOVE = YES;
				CLANG_WARN_UNGUARDED_AVAILABILITY = YES_AGGRESSIVE;
				CLANG_WARN_UNREACHABLE_CODE = YES;
				CLANG_WARN__DUPLICATE_METHOD_MATCH = YES;
				COPY_PHASE_STRIP = NO;
				DEBUG_INFORMATION_FORMAT = "dwarf-with-dsym";
				ENABLE_NS_ASSERTIONS = NO;
				ENABLE_STRICT_OBJC_MSGSEND = YES;
				ENABLE_USER_SCRIPT_SANDBOXING = YES;
				GCC_C_LANGUAGE_STANDARD = gnu17;
				GCC_NO_COMMON_BLOCKS = YES;
				GCC_WARN_64_TO_32_BIT_CONVERSION = YES;
				GCC_WARN_ABOUT_RETURN_TYPE = YES_ERROR;
				GCC_WARN_UNDECLARED_SELECTOR = YES;
				GCC_WARN_UNINITIALIZED_AUTOS = YES_AGGRESSIVE;
				GCC_WARN_UNUSED_FUNCTION = YES;
				GCC_WARN_UNUSED_VARIABLE = YES;
				IPHONEOS_DEPLOYMENT_TARGET = 17.2;
				LOCALIZATION_PREFERS_STRING_CATALOGS = YES;
				MTL_ENABLE_DEBUG_INFO = NO;
				MTL_FAST_MATH = YES;
				SDKROOT = iphoneos;
				SWIFT_COMPILATION_MODE = wholemodule;
				VALIDATE_PRODUCT = YES;
			};
			name = Release;
		};
		E366B52A2E19F75A004911BB /* Debug */ = {
			isa = XCBuildConfiguration;
			buildSettings = {
				ASSETCATALOG_COMPILER_APPICON_NAME = AppIcon;
				ASSETCATALOG_COMPILER_GLOBAL_ACCENT_COLOR_NAME = AccentColor;
				CODE_SIGN_STYLE = Automatic;
				CURRENT_PROJECT_VERSION = 1;
				GENERATE_INFOPLIST_FILE = YES;
				INFOPLIST_FILE = iWalrusDemo/Info.plist;
				INFOPLIST_KEY_UIApplicationSupportsIndirectInputEvents = YES;
				INFOPLIST_KEY_UILaunchStoryboardName = LaunchScreen;
				INFOPLIST_KEY_UIMainStoryboardFile = Main;
				INFOPLIST_KEY_UISupportedInterfaceOrientations_iPad = "UIInterfaceOrientationPortrait UIInterfaceOrientationPortraitUpsideDown UIInterfaceOrientationLandscapeLeft UIInterfaceOrientationLandscapeRight";
				INFOPLIST_KEY_UISupportedInterfaceOrientations_iPhone = "UIInterfaceOrientationPortrait UIInterfaceOrientationLandscapeLeft UIInterfaceOrientationLandscapeRight";
				LD_RUNPATH_SEARCH_PATHS = (
					"$(inherited)",
					"@executable_path/Frameworks",
				);
				MARKETING_VERSION = 1.0;
				PRODUCT_BUNDLE_IDENTIFIER = ethglobalcannes.iWalrusDemo;
				PRODUCT_NAME = "$(TARGET_NAME)";
				SWIFT_EMIT_LOC_STRINGS = YES;
				SWIFT_VERSION = 5.0;
				TARGETED_DEVICE_FAMILY = "1,2";
			};
			name = Debug;
		};
		E366B52B2E19F75A004911BB /* Release */ = {
			isa = XCBuildConfiguration;
			buildSettings = {
				ASSETCATALOG_COMPILER_APPICON_NAME = AppIcon;
				ASSETCATALOG_COMPILER_GLOBAL_ACCENT_COLOR_NAME = AccentColor;
				CODE_SIGN_STYLE = Automatic;
				CURRENT_PROJECT_VERSION = 1;
				GENERATE_INFOPLIST_FILE = YES;
				INFOPLIST_FILE = iWalrusDemo/Info.plist;
				INFOPLIST_KEY_UIApplicationSupportsIndirectInputEvents = YES;
				INFOPLIST_KEY_UILaunchStoryboardName = LaunchScreen;
				INFOPLIST_KEY_UIMainStoryboardFile = Main;
				INFOPLIST_KEY_UISupportedInterfaceOrientations_iPad = "UIInterfaceOrientationPortrait UIInterfaceOrientationPortraitUpsideDown UIInterfaceOrientationLandscapeLeft UIInterfaceOrientationLandscapeRight";
				INFOPLIST_KEY_UISupportedInterfaceOrientations_iPhone = "UIInterfaceOrientationPortrait UIInterfaceOrientationLandscapeLeft UIInterfaceOrientationLandscapeRight";
				LD_RUNPATH_SEARCH_PATHS = (
					"$(inherited)",
					"@executable_path/Frameworks",
				);
				MARKETING_VERSION = 1.0;
				PRODUCT_BUNDLE_IDENTIFIER = ethglobalcannes.iWalrusDemo;
				PRODUCT_NAME = "$(TARGET_NAME)";
				SWIFT_EMIT_LOC_STRINGS = YES;
				SWIFT_VERSION = 5.0;
				TARGETED_DEVICE_FAMILY = "1,2";
			};
			name = Release;
		};
/* End XCBuildConfiguration section */

/* Begin XCConfigurationList section */
		E366B5102E19F757004911BB /* Build configuration list for PBXProject "iWalrusDemo" */ = {
			isa = XCConfigurationList;
			buildConfigurations = (
				E366B5272E19F75A004911BB /* Debug */,
				E366B5282E19F75A004911BB /* Release */,
			);
			defaultConfigurationIsVisible = 0;
			defaultConfigurationName = Release;
		};
		E366B5292E19F75A004911BB /* Build configuration list for PBXNativeTarget "iWalrusDemo" */ = {
			isa = XCConfigurationList;
			buildConfigurations = (
				E366B52A2E19F75A004911BB /* Debug */,
				E366B52B2E19F75A004911BB /* Release */,
			);
			defaultConfigurationIsVisible = 0;
			defaultConfigurationName = Release;
		};
/* End XCConfigurationList section */
	};
	rootObject = E366B50D2E19F757004911BB /* Project object */;
}
