// !$*UTF8*$!
{
	archiveVersion = 1;
	classes = {
	};
	objectVersion = 56;
	objects = {

/* Begin PBXBuildFile section */
		E3D19DDD2E19748A003D99FC /* Walrus_Swift_SDK.docc in Sources */ = {isa = PBXBuildFile; fileRef = E3D19DDC2E19748A003D99FC /* Walrus_Swift_SDK.docc */; };
		E3D19DE32E19748A003D99FC /* Walrus_Swift_SDK.framework in Frameworks */ = {isa = PBXBuildFile; fileRef = E3D19DD82E19748A003D99FC /* Walrus_Swift_SDK.framework */; };
		E3D19DE82E19748A003D99FC /* Walrus_Swift_SDKTests.swift in Sources */ = {isa = PBXBuildFile; fileRef = E3D19DE72E19748A003D99FC /* Walrus_Swift_SDKTests.swift */; };
		E3D19DE92E19748A003D99FC /* Walrus_Swift_SDK.h in Headers */ = {isa = PBXBuildFile; fileRef = E3D19DDB2E19748A003D99FC /* Walrus_Swift_SDK.h */; settings = {ATTRIBUTES = (Public, ); }; };
/* End PBXBuildFile section */

/* Begin PBXContainerItemProxy section */
		E3D19DE42E19748A003D99FC /* PBXContainerItemProxy */ = {
			isa = PBXContainerItemProxy;
			containerPortal = E3D19DCF2E197489003D99FC /* Project object */;
			proxyType = 1;
			remoteGlobalIDString = E3D19DD72E19748A003D99FC;
			remoteInfo = "Walrus Swift SDK";
		};
/* End PBXContainerItemProxy section */

/* Begin PBXFileReference section */
		E3D19DD82E19748A003D99FC /* Walrus_Swift_SDK.framework */ = {isa = PBXFileReference; explicitFileType = wrapper.framework; includeInIndex = 0; path = Walrus_Swift_SDK.framework; sourceTree = BUILT_PRODUCTS_DIR; };
		E3D19DDB2E19748A003D99FC /* Walrus_Swift_SDK.h */ = {isa = PBXFileReference; lastKnownFileType = sourcecode.c.h; path = Walrus_Swift_SDK.h; sourceTree = "<group>"; };
		E3D19DDC2E19748A003D99FC /* Walrus_Swift_SDK.docc */ = {isa = PBXFileReference; lastKnownFileType = folder.documentationcatalog; path = Walrus_Swift_SDK.docc; sourceTree = "<group>"; };
		E3D19DE22E19748A003D99FC /* Walrus Swift SDKTests.xctest */ = {isa = PBXFileReference; explicitFileType = wrapper.cfbundle; includeInIndex = 0; path = "Walrus Swift SDKTests.xctest"; sourceTree = BUILT_PRODUCTS_DIR; };
		E3D19DE72E19748A003D99FC /* Walrus_Swift_SDKTests.swift */ = {isa = PBXFileReference; lastKnownFileType = sourcecode.swift; path = Walrus_Swift_SDKTests.swift; sourceTree = "<group>"; };
/* End PBXFileReference section */

/* Begin PBXFrameworksBuildPhase section */
		E3D19DD52E19748A003D99FC /* Frameworks */ = {
			isa = PBXFrameworksBuildPhase;
			buildActionMask = 2147483647;
			files = (
			);
			runOnlyForDeploymentPostprocessing = 0;
		};
		E3D19DDF2E19748A003D99FC /* Frameworks */ = {
			isa = PBXFrameworksBuildPhase;
			buildActionMask = 2147483647;
			files = (
				E3D19DE32E19748A003D99FC /* Walrus_Swift_SDK.framework in Frameworks */,
			);
			runOnlyForDeploymentPostprocessing = 0;
		};
/* End PBXFrameworksBuildPhase section */

/* Begin PBXGroup section */
		E3D19DCE2E197489003D99FC = {
			isa = PBXGroup;
			children = (
				E3D19DDA2E19748A003D99FC /* Walrus Swift SDK */,
				E3D19DE62E19748A003D99FC /* Walrus Swift SDKTests */,
				E3D19DD92E19748A003D99FC /* Products */,
			);
			sourceTree = "<group>";
		};
		E3D19DD92E19748A003D99FC /* Products */ = {
			isa = PBXGroup;
			children = (
				E3D19DD82E19748A003D99FC /* Walrus_Swift_SDK.framework */,
				E3D19DE22E19748A003D99FC /* Walrus Swift SDKTests.xctest */,
			);
			name = Products;
			sourceTree = "<group>";
		};
		E3D19DDA2E19748A003D99FC /* Walrus Swift SDK */ = {
			isa = PBXGroup;
			children = (
				E3D19DDB2E19748A003D99FC /* Walrus_Swift_SDK.h */,
				E3D19DDC2E19748A003D99FC /* Walrus_Swift_SDK.docc */,
			);
			path = "Walrus Swift SDK";
			sourceTree = "<group>";
		};
		E3D19DE62E19748A003D99FC /* Walrus Swift SDKTests */ = {
			isa = PBXGroup;
			children = (
				E3D19DE72E19748A003D99FC /* Walrus_Swift_SDKTests.swift */,
			);
			path = "Walrus Swift SDKTests";
			sourceTree = "<group>";
		};
/* End PBXGroup section */

/* Begin PBXHeadersBuildPhase section */
		E3D19DD32E19748A003D99FC /* Headers */ = {
			isa = PBXHeadersBuildPhase;
			buildActionMask = 2147483647;
			files = (
				E3D19DE92E19748A003D99FC /* Walrus_Swift_SDK.h in Headers */,
			);
			runOnlyForDeploymentPostprocessing = 0;
		};
/* End PBXHeadersBuildPhase section */

/* Begin PBXNativeTarget section */
		E3D19DD72E19748A003D99FC /* Walrus Swift SDK */ = {
			isa = PBXNativeTarget;
			buildConfigurationList = E3D19DEC2E19748A003D99FC /* Build configuration list for PBXNativeTarget "Walrus Swift SDK" */;
			buildPhases = (
				E3D19DD32E19748A003D99FC /* Headers */,
				E3D19DD42E19748A003D99FC /* Sources */,
				E3D19DD52E19748A003D99FC /* Frameworks */,
				E3D19DD62E19748A003D99FC /* Resources */,
			);
			buildRules = (
			);
			dependencies = (
			);
			name = "Walrus Swift SDK";
			productName = "Walrus Swift SDK";
			productReference = E3D19DD82E19748A003D99FC /* Walrus_Swift_SDK.framework */;
			productType = "com.apple.product-type.framework";
		};
		E3D19DE12E19748A003D99FC /* Walrus Swift SDKTests */ = {
			isa = PBXNativeTarget;
			buildConfigurationList = E3D19DEF2E19748A003D99FC /* Build configuration list for PBXNativeTarget "Walrus Swift SDKTests" */;
			buildPhases = (
				E3D19DDE2E19748A003D99FC /* Sources */,
				E3D19DDF2E19748A003D99FC /* Frameworks */,
				E3D19DE02E19748A003D99FC /* Resources */,
			);
			buildRules = (
			);
			dependencies = (
				E3D19DE52E19748A003D99FC /* PBXTargetDependency */,
			);
			name = "Walrus Swift SDKTests";
			productName = "Walrus Swift SDKTests";
			productReference = E3D19DE22E19748A003D99FC /* Walrus Swift SDKTests.xctest */;
			productType = "com.apple.product-type.bundle.unit-test";
		};
/* End PBXNativeTarget section */

/* Begin PBXProject section */
		E3D19DCF2E197489003D99FC /* Project object */ = {
			isa = PBXProject;
			attributes = {
				BuildIndependentTargetsInParallel = 1;
				LastSwiftUpdateCheck = 1520;
				LastUpgradeCheck = 1520;
				TargetAttributes = {
					E3D19DD72E19748A003D99FC = {
						CreatedOnToolsVersion = 15.2;
					};
					E3D19DE12E19748A003D99FC = {
						CreatedOnToolsVersion = 15.2;
					};
				};
			};
			buildConfigurationList = E3D19DD22E197489003D99FC /* Build configuration list for PBXProject "Walrus Swift SDK" */;
			compatibilityVersion = "Xcode 14.0";
			developmentRegion = en;
			hasScannedForEncodings = 0;
			knownRegions = (
				en,
				Base,
			);
			mainGroup = E3D19DCE2E197489003D99FC;
			productRefGroup = E3D19DD92E19748A003D99FC /* Products */;
			projectDirPath = "";
			projectRoot = "";
			targets = (
				E3D19DD72E19748A003D99FC /* Walrus Swift SDK */,
				E3D19DE12E19748A003D99FC /* Walrus Swift SDKTests */,
			);
		};
/* End PBXProject section */

/* Begin PBXResourcesBuildPhase section */
		E3D19DD62E19748A003D99FC /* Resources */ = {
			isa = PBXResourcesBuildPhase;
			buildActionMask = 2147483647;
			files = (
			);
			runOnlyForDeploymentPostprocessing = 0;
		};
		E3D19DE02E19748A003D99FC /* Resources */ = {
			isa = PBXResourcesBuildPhase;
			buildActionMask = 2147483647;
			files = (
			);
			runOnlyForDeploymentPostprocessing = 0;
		};
/* End PBXResourcesBuildPhase section */

/* Begin PBXSourcesBuildPhase section */
		E3D19DD42E19748A003D99FC /* Sources */ = {
			isa = PBXSourcesBuildPhase;
			buildActionMask = 2147483647;
			files = (
				E3D19DDD2E19748A003D99FC /* Walrus_Swift_SDK.docc in Sources */,
			);
			runOnlyForDeploymentPostprocessing = 0;
		};
		E3D19DDE2E19748A003D99FC /* Sources */ = {
			isa = PBXSourcesBuildPhase;
			buildActionMask = 2147483647;
			files = (
				E3D19DE82E19748A003D99FC /* Walrus_Swift_SDKTests.swift in Sources */,
			);
			runOnlyForDeploymentPostprocessing = 0;
		};
/* End PBXSourcesBuildPhase section */

/* Begin PBXTargetDependency section */
		E3D19DE52E19748A003D99FC /* PBXTargetDependency */ = {
			isa = PBXTargetDependency;
			target = E3D19DD72E19748A003D99FC /* Walrus Swift SDK */;
			targetProxy = E3D19DE42E19748A003D99FC /* PBXContainerItemProxy */;
		};
/* End PBXTargetDependency section */

/* Begin XCBuildConfiguration section */
		E3D19DEA2E19748A003D99FC /* Debug */ = {
			isa = XCBuildConfiguration;
			buildSettings = {
				ALWAYS_SEARCH_USER_PATHS = NO;
				ASSETCATALOG_COMPILER_GENERATE_SWIFT_ASSET_SYMBOL_EXTENSIONS = YES;
				CLANG_ANALYZER_NONNULL = YES;
				CLANG_ANALYZER_NUMBER_OBJECT_CONVERSION = YES_AGGRESSIVE;
				CLANG_CXX_LANGUAGE_STANDARD = "gnu++20";
				CLANG_ENABLE_MODULES = YES;
				CLANG_ENABLE_OBJC_ARC = YES;
				CLANG_ENABLE_OBJC_WEAK = YES;
				CLANG_WARN_BLOCK_CAPTURE_AUTORELEASING = YES;
				CLANG_WARN_BOOL_CONVERSION = YES;
				CLANG_WARN_COMMA = YES;
				CLANG_WARN_CONSTANT_CONVERSION = YES;
				CLANG_WARN_DEPRECATED_OBJC_IMPLEMENTATIONS = YES;
				CLANG_WARN_DIRECT_OBJC_ISA_USAGE = YES_ERROR;
				CLANG_WARN_DOCUMENTATION_COMMENTS = YES;
				CLANG_WARN_EMPTY_BODY = YES;
				CLANG_WARN_ENUM_CONVERSION = YES;
				CLANG_WARN_INFINITE_RECURSION = YES;
				CLANG_WARN_INT_CONVERSION = YES;
				CLANG_WARN_NON_LITERAL_NULL_CONVERSION = YES;
				CLANG_WARN_OBJC_IMPLICIT_RETAIN_SELF = YES;
				CLANG_WARN_OBJC_LITERAL_CONVERSION = YES;
				CLANG_WARN_OBJC_ROOT_CLASS = YES_ERROR;
				CLANG_WARN_QUOTED_INCLUDE_IN_FRAMEWORK_HEADER = YES;
				CLANG_WARN_RANGE_LOOP_ANALYSIS = YES;
				CLANG_WARN_STRICT_PROTOTYPES = YES;
				CLANG_WARN_SUSPICIOUS_MOVE = YES;
				CLANG_WARN_UNGUARDED_AVAILABILITY = YES_AGGRESSIVE;
				CLANG_WARN_UNREACHABLE_CODE = YES;
				CLANG_WARN__DUPLICATE_METHOD_MATCH = YES;
				COPY_PHASE_STRIP = NO;
				CURRENT_PROJECT_VERSION = 1;
				DEBUG_INFORMATION_FORMAT = dwarf;
				ENABLE_STRICT_OBJC_MSGSEND = YES;
				ENABLE_TESTABILITY = YES;
				ENABLE_USER_SCRIPT_SANDBOXING = YES;
				GCC_C_LANGUAGE_STANDARD = gnu17;
				GCC_DYNAMIC_NO_PIC = NO;
				GCC_NO_COMMON_BLOCKS = YES;
				GCC_OPTIMIZATION_LEVEL = 0;
				GCC_PREPROCESSOR_DEFINITIONS = (
					"DEBUG=1",
					"$(inherited)",
				);
				GCC_WARN_64_TO_32_BIT_CONVERSION = YES;
				GCC_WARN_ABOUT_RETURN_TYPE = YES_ERROR;
				GCC_WARN_UNDECLARED_SELECTOR = YES;
				GCC_WARN_UNINITIALIZED_AUTOS = YES_AGGRESSIVE;
				GCC_WARN_UNUSED_FUNCTION = YES;
				GCC_WARN_UNUSED_VARIABLE = YES;
				LOCALIZATION_PREFERS_STRING_CATALOGS = YES;
				MTL_ENABLE_DEBUG_INFO = INCLUDE_SOURCE;
				MTL_FAST_MATH = YES;
				ONLY_ACTIVE_ARCH = YES;
				SWIFT_ACTIVE_COMPILATION_CONDITIONS = "DEBUG $(inherited)";
				SWIFT_OPTIMIZATION_LEVEL = "-Onone";
				VERSIONING_SYSTEM = "apple-generic";
				VERSION_INFO_PREFIX = "";
			};
			name = Debug;
		};
		E3D19DEB2E19748A003D99FC /* Release */ = {
			isa = XCBuildConfiguration;
			buildSettings = {
				ALWAYS_SEARCH_USER_PATHS = NO;
				ASSETCATALOG_COMPILER_GENERATE_SWIFT_ASSET_SYMBOL_EXTENSIONS = YES;
				CLANG_ANALYZER_NONNULL = YES;
				CLANG_ANALYZER_NUMBER_OBJECT_CONVERSION = YES_AGGRESSIVE;
				CLANG_CXX_LANGUAGE_STANDARD = "gnu++20";
				CLANG_ENABLE_MODULES = YES;
				CLANG_ENABLE_OBJC_ARC = YES;
				CLANG_ENABLE_OBJC_WEAK = YES;
				CLANG_WARN_BLOCK_CAPTURE_AUTORELEASING = YES;
				CLANG_WARN_BOOL_CONVERSION = YES;
				CLANG_WARN_COMMA = YES;
				CLANG_WARN_CONSTANT_CONVERSION = YES;
				CLANG_WARN_DEPRECATED_OBJC_IMPLEMENTATIONS = YES;
				CLANG_WARN_DIRECT_OBJC_ISA_USAGE = YES_ERROR;
				CLANG_WARN_DOCUMENTATION_COMMENTS = YES;
				CLANG_WARN_EMPTY_BODY = YES;
				CLANG_WARN_ENUM_CONVERSION = YES;
				CLANG_WARN_INFINITE_RECURSION = YES;
				CLANG_WARN_INT_CONVERSION = YES;
				CLANG_WARN_NON_LITERAL_NULL_CONVERSION = YES;
				CLANG_WARN_OBJC_IMPLICIT_RETAIN_SELF = YES;
				CLANG_WARN_OBJC_LITERAL_CONVERSION = YES;
				CLANG_WARN_OBJC_ROOT_CLASS = YES_ERROR;
				CLANG_WARN_QUOTED_INCLUDE_IN_FRAMEWORK_HEADER = YES;
				CLANG_WARN_RANGE_LOOP_ANALYSIS = YES;
				CLANG_WARN_STRICT_PROTOTYPES = YES;
				CLANG_WARN_SUSPICIOUS_MOVE = YES;
				CLANG_WARN_UNGUARDED_AVAILABILITY = YES_AGGRESSIVE;
				CLANG_WARN_UNREACHABLE_CODE = YES;
				CLANG_WARN__DUPLICATE_METHOD_MATCH = YES;
				COPY_PHASE_STRIP = NO;
				CURRENT_PROJECT_VERSION = 1;
				DEBUG_INFORMATION_FORMAT = "dwarf-with-dsym";
				ENABLE_NS_ASSERTIONS = NO;
				ENABLE_STRICT_OBJC_MSGSEND = YES;
				ENABLE_USER_SCRIPT_SANDBOXING = YES;
				GCC_C_LANGUAGE_STANDARD = gnu17;
				GCC_NO_COMMON_BLOCKS = YES;
				GCC_WARN_64_TO_32_BIT_CONVERSION = YES;
				GCC_WARN_ABOUT_RETURN_TYPE = YES_ERROR;
				GCC_WARN_UNDECLARED_SELECTOR = YES;
				GCC_WARN_UNINITIALIZED_AUTOS = YES_AGGRESSIVE;
				GCC_WARN_UNUSED_FUNCTION = YES;
				GCC_WARN_UNUSED_VARIABLE = YES;
				LOCALIZATION_PREFERS_STRING_CATALOGS = YES;
				MTL_ENABLE_DEBUG_INFO = NO;
				MTL_FAST_MATH = YES;
				SWIFT_COMPILATION_MODE = wholemodule;
				VERSIONING_SYSTEM = "apple-generic";
				VERSION_INFO_PREFIX = "";
			};
			name = Release;
		};
		E3D19DED2E19748A003D99FC /* Debug */ = {
			isa = XCBuildConfiguration;
			buildSettings = {
				CODE_SIGN_STYLE = Automatic;
				CURRENT_PROJECT_VERSION = 1;
				DEFINES_MODULE = YES;
				DYLIB_COMPATIBILITY_VERSION = 1;
				DYLIB_CURRENT_VERSION = 1;
				DYLIB_INSTALL_NAME_BASE = "@rpath";
				ENABLE_MODULE_VERIFIER = YES;
				GENERATE_INFOPLIST_FILE = YES;
				INFOPLIST_KEY_NSHumanReadableCopyright = "";
				INSTALL_PATH = "$(LOCAL_LIBRARY_DIR)/Frameworks";
				IPHONEOS_DEPLOYMENT_TARGET = 17.2;
				LD_RUNPATH_SEARCH_PATHS = (
					"@executable_path/Frameworks",
					"@loader_path/Frameworks",
				);
				"LD_RUNPATH_SEARCH_PATHS[sdk=macosx*]" = (
					"@executable_path/../Frameworks",
					"@loader_path/Frameworks",
				);
				MACOSX_DEPLOYMENT_TARGET = 13.6;
				MARKETING_VERSION = 1.0;
				MODULE_VERIFIER_SUPPORTED_LANGUAGES = "objective-c objective-c++";
				MODULE_VERIFIER_SUPPORTED_LANGUAGE_STANDARDS = "gnu17 gnu++20";
				PRODUCT_BUNDLE_IDENTIFIER = "ethglobalcannes.Walrus-Swift-SDK";
				PRODUCT_NAME = "$(TARGET_NAME:c99extidentifier)";
				SDKROOT = auto;
				SKIP_INSTALL = YES;
				SUPPORTED_PLATFORMS = "iphoneos iphonesimulator macosx";
				SWIFT_EMIT_LOC_STRINGS = YES;
				SWIFT_VERSION = 5.0;
				TARGETED_DEVICE_FAMILY = "1,2";
			};
			name = Debug;
		};
		E3D19DEE2E19748A003D99FC /* Release */ = {
			isa = XCBuildConfiguration;
			buildSettings = {
				CODE_SIGN_STYLE = Automatic;
				CURRENT_PROJECT_VERSION = 1;
				DEFINES_MODULE = YES;
				DYLIB_COMPATIBILITY_VERSION = 1;
				DYLIB_CURRENT_VERSION = 1;
				DYLIB_INSTALL_NAME_BASE = "@rpath";
				ENABLE_MODULE_VERIFIER = YES;
				GENERATE_INFOPLIST_FILE = YES;
				INFOPLIST_KEY_NSHumanReadableCopyright = "";
				INSTALL_PATH = "$(LOCAL_LIBRARY_DIR)/Frameworks";
				IPHONEOS_DEPLOYMENT_TARGET = 17.2;
				LD_RUNPATH_SEARCH_PATHS = (
					"@executable_path/Frameworks",
					"@loader_path/Frameworks",
				);
				"LD_RUNPATH_SEARCH_PATHS[sdk=macosx*]" = (
					"@executable_path/../Frameworks",
					"@loader_path/Frameworks",
				);
				MACOSX_DEPLOYMENT_TARGET = 13.6;
				MARKETING_VERSION = 1.0;
				MODULE_VERIFIER_SUPPORTED_LANGUAGES = "objective-c objective-c++";
				MODULE_VERIFIER_SUPPORTED_LANGUAGE_STANDARDS = "gnu17 gnu++20";
				PRODUCT_BUNDLE_IDENTIFIER = "ethglobalcannes.Walrus-Swift-SDK";
				PRODUCT_NAME = "$(TARGET_NAME:c99extidentifier)";
				SDKROOT = auto;
				SKIP_INSTALL = YES;
				SUPPORTED_PLATFORMS = "iphoneos iphonesimulator macosx";
				SWIFT_EMIT_LOC_STRINGS = YES;
				SWIFT_VERSION = 5.0;
				TARGETED_DEVICE_FAMILY = "1,2";
			};
			name = Release;
		};
		E3D19DF02E19748A003D99FC /* Debug */ = {
			isa = XCBuildConfiguration;
			buildSettings = {
				CODE_SIGN_STYLE = Automatic;
				CURRENT_PROJECT_VERSION = 1;
				GENERATE_INFOPLIST_FILE = YES;
				IPHONEOS_DEPLOYMENT_TARGET = 17.2;
				MACOSX_DEPLOYMENT_TARGET = 13.6;
				MARKETING_VERSION = 1.0;
				PRODUCT_BUNDLE_IDENTIFIER = "ethglobalcannes.Walrus-Swift-SDKTests";
				PRODUCT_NAME = "$(TARGET_NAME)";
				SDKROOT = auto;
				SUPPORTED_PLATFORMS = "iphoneos iphonesimulator macosx";
				SWIFT_EMIT_LOC_STRINGS = NO;
				SWIFT_VERSION = 5.0;
				TARGETED_DEVICE_FAMILY = "1,2";
			};
			name = Debug;
		};
		E3D19DF12E19748A003D99FC /* Release */ = {
			isa = XCBuildConfiguration;
			buildSettings = {
				CODE_SIGN_STYLE = Automatic;
				CURRENT_PROJECT_VERSION = 1;
				GENERATE_INFOPLIST_FILE = YES;
				IPHONEOS_DEPLOYMENT_TARGET = 17.2;
				MACOSX_DEPLOYMENT_TARGET = 13.6;
				MARKETING_VERSION = 1.0;
				PRODUCT_BUNDLE_IDENTIFIER = "ethglobalcannes.Walrus-Swift-SDKTests";
				PRODUCT_NAME = "$(TARGET_NAME)";
				SDKROOT = auto;
				SUPPORTED_PLATFORMS = "iphoneos iphonesimulator macosx";
				SWIFT_EMIT_LOC_STRINGS = NO;
				SWIFT_VERSION = 5.0;
				TARGETED_DEVICE_FAMILY = "1,2";
			};
			name = Release;
		};
/* End XCBuildConfiguration section */

/* Begin XCConfigurationList section */
		E3D19DD22E197489003D99FC /* Build configuration list for PBXProject "Walrus Swift SDK" */ = {
			isa = XCConfigurationList;
			buildConfigurations = (
				E3D19DEA2E19748A003D99FC /* Debug */,
				E3D19DEB2E19748A003D99FC /* Release */,
			);
			defaultConfigurationIsVisible = 0;
			defaultConfigurationName = Release;
		};
		E3D19DEC2E19748A003D99FC /* Build configuration list for PBXNativeTarget "Walrus Swift SDK" */ = {
			isa = XCConfigurationList;
			buildConfigurations = (
				E3D19DED2E19748A003D99FC /* Debug */,
				E3D19DEE2E19748A003D99FC /* Release */,
			);
			defaultConfigurationIsVisible = 0;
			defaultConfigurationName = Release;
		};
		E3D19DEF2E19748A003D99FC /* Build configuration list for PBXNativeTarget "Walrus Swift SDKTests" */ = {
			isa = XCConfigurationList;
			buildConfigurations = (
				E3D19DF02E19748A003D99FC /* Debug */,
				E3D19DF12E19748A003D99FC /* Release */,
			);
			defaultConfigurationIsVisible = 0;
			defaultConfigurationName = Release;
		};
/* End XCConfigurationList section */
	};
	rootObject = E3D19DCF2E197489003D99FC /* Project object */;
}
